
Microsoft Visual Studio Solution File, Format Version 12.00
Project("{FAE04EC0-301F-11D3-BF4B-00C04F79EFBC}") = "si.gapi.samples.serverSentEvents.server", "si.gapi.samples.serverSentEvents.server\si.gapi.samples.serverSentEvents.server.csproj", "{D8686A51-739C-469E-9EF3-AFA5B55CE4CB}"
EndProject
Project("{FAE04EC0-301F-11D3-BF4B-00C04F79EFBC}") = "si.gapi.samples.serverSentEvents.client", "si.gapi.samples.serverSentEvents.client\si.gapi.samples.serverSentEvents.client.csproj", "{D3B84825-567E-4E9E-847E-8B770ADE91EA}"
EndProject
Global
	GlobalSection(SolutionConfigurationPlatforms) = preSolution
		Debug|Any CPU = Debug|Any CPU
		Release|Any CPU = Release|Any CPU
	EndGlobalSection
	GlobalSection(ProjectConfigurationPlatforms) = postSolution
		{D8686A51-739C-469E-9EF3-AFA5B55CE4CB}.Debug|Any CPU.ActiveCfg = Debug|Any CPU
		{D8686A51-739C-469E-9EF3-AFA5B55CE4CB}.Debug|Any CPU.Build.0 = Debug|Any CPU
		{D8686A51-739C-469E-9EF3-AFA5B55CE4CB}.Release|Any CPU.ActiveCfg = Release|Any CPU
		{D8686A51-739C-469E-9EF3-AFA5B55CE4CB}.Release|Any CPU.Build.0 = Release|Any CPU
		{D3B84825-567E-4E9E-847E-8B770ADE91EA}.Debug|Any CPU.ActiveCfg = Debug|Any CPU
		{D3B84825-567E-4E9E-847E-8B770ADE91EA}.Debug|Any CPU.Build.0 = Debug|Any CPU
		{D3B84825-567E-4E9E-847E-8B770ADE91EA}.Release|Any CPU.ActiveCfg = Release|Any CPU
		{D3B84825-567E-4E9E-847E-8B770ADE91EA}.Release|Any CPU.Build.0 = Release|Any CPU
	EndGlobalSection
EndGlobal
